PODS:
  - FRMImageCacheManager (0.3.5):
    - SDWebImage (= 4.0.0-beta2-farmis-0.2)
  - SDWebImage (4.0.0-beta2-farmis-0.2):
    - SDWebImage/Core (= 4.0.0-beta2-farmis-0.2)
  - SDWebImage/Core (4.0.0-beta2-farmis-0.2)

DEPENDENCIES:
  - FRMImageCacheManager (from `../`)
  - SDWebImage (from `https://github.com/William500/SDWebImage.git`, commit `27888823cdc3c5f9c32aa03ed0758eb9bdb4ecf9`)

EXTERNAL SOURCES:
  FRMImageCacheManager:
    :path: ../
  SDWebImage:
    :commit: 27888823cdc3c5f9c32aa03ed0758eb9bdb4ecf9
    :git: https://github.com/William500/SDWebImage.git

CHECKOUT OPTIONS:
  SDWebImage:
    :commit: 27888823cdc3c5f9c32aa03ed0758eb9bdb4ecf9
    :git: https://github.com/William500/SDWebImage.git

SPEC CHECKSUMS:
  FRMImageCacheManager: 1898d7a637d49ae9b145b87b900c4cacff296bb4
  SDWebImage: eb30e21255694840b5af952f0f193e0dc73f6129

PODFILE CHECKSUM: d31273cf2c3dd47d625257245844c10df53fda39

COCOAPODS: 1.1.0.rc.2
